<?xml version="1.0" encoding="utf-8"?>
<Project ToolsVersion="4.0" xmlns="http://schemas.microsoft.com/developer/msbuild/2003">
  <ItemGroup>
    <Filter Include="Render3D">
      <UniqueIdentifier>{c6799110-b6e6-47f0-9ece-64f2789ebca5}</UniqueIdentifier>
    </Filter>
    <Filter Include="Render3D\Shaders">
      <UniqueIdentifier>{1f78c8c2-bd11-4fe3-a4ac-f22616396c0c}</UniqueIdentifier>
    </Filter>
    <Filter Include="Render3D\Header Files">
      <UniqueIdentifier>{ef073757-e763-41ba-a7ac-7fb79797ca9e}</UniqueIdentifier>
    </Filter>
    <Filter Include="Render3D\Source Files">
      <UniqueIdentifier>{bd3632e3-ff54-4eae-a2c7-d0608094c633}</UniqueIdentifier>
    </Filter>
    <Filter Include="External Libs">
      <UniqueIdentifier>{fc6654a2-6f92-4776-9fdf-af5ff1095219}</UniqueIdentifier>
    </Filter>
    <Filter Include="Render3D\Miscellaneous">
      <UniqueIdentifier>{3b3f4341-3195-452e-9c94-d208574526d2}</UniqueIdentifier>
    </Filter>
  </ItemGroup>
  <ItemGroup>
    <ClCompile Include="OpenGL\glad.c">
      <Filter>External Libs</Filter>
    </ClCompile>
    <ClCompile Include="ImGui\imgui.cpp">
      <Filter>External Libs</Filter>
    </ClCompile>
    <ClCompile Include="ImGui\imgui_demo.cpp">
      <Filter>External Libs</Filter>
    </ClCompile>
    <ClCompile Include="ImGui\imgui_draw.cpp">
      <Filter>External Libs</Filter>
    </ClCompile>
    <ClCompile Include="ImGui\imgui_impl_glfw.cpp">
      <Filter>External Libs</Filter>
    </ClCompile>
    <ClCompile Include="ImGui\imgui_impl_opengl3.cpp">
      <Filter>External Libs</Filter>
    </ClCompile>
    <ClCompile Include="ImGui\imgui_tables.cpp">
      <Filter>External Libs</Filter>
    </ClCompile>
    <ClCompile Include="ImGui\imgui_widgets.cpp">
      <Filter>External Libs</Filter>
    </ClCompile>
    <ClCompile Include="main.cpp">
      <Filter>Render3D</Filter>
    </ClCompile>
    <ClCompile Include="Vec2d.cpp">
      <Filter>Render3D\Source Files</Filter>
    </ClCompile>
    <ClCompile Include="Vec2f.cpp">
      <Filter>Render3D\Source Files</Filter>
    </ClCompile>
    <ClCompile Include="Vec2i.cpp">
      <Filter>Render3D\Source Files</Filter>
    </ClCompile>
    <ClCompile Include="Vec3d.cpp">
      <Filter>Render3D\Source Files</Filter>
    </ClCompile>
    <ClCompile Include="Vec3f.cpp">
      <Filter>Render3D\Source Files</Filter>
    </ClCompile>
    <ClCompile Include="Vec3i.cpp">
      <Filter>Render3D\Source Files</Filter>
    </ClCompile>
    <ClCompile Include="Material.cpp">
      <Filter>Render3D\Source Files</Filter>
    </ClCompile>
    <ClCompile Include="Color.cpp">
      <Filter>Render3D\Source Files</Filter>
    </ClCompile>
    <ClCompile Include="Camera.cpp">
      <Filter>Render3D\Source Files</Filter>
    </ClCompile>
    <ClCompile Include="Quat.cpp">
      <Filter>Render3D\Source Files</Filter>
    </ClCompile>
    <ClCompile Include="Mat4.cpp">
      <Filter>Render3D\Source Files</Filter>
    </ClCompile>
    <ClCompile Include="Keyboard.cpp">
      <Filter>Render3D\Source Files</Filter>
    </ClCompile>
    <ClCompile Include="Mouse.cpp">
      <Filter>Render3D\Source Files</Filter>
    </ClCompile>
    <ClCompile Include="Window.cpp">
      <Filter>Render3D\Source Files</Filter>
    </ClCompile>
    <ClCompile Include="Coremath.cpp">
      <Filter>Render3D\Source Files</Filter>
    </ClCompile>
    <ClCompile Include="Rendermath.cpp">
      <Filter>Render3D\Source Files</Filter>
    </ClCompile>
    <ClCompile Include="Shapes.cpp">
      <Filter>Render3D\Source Files</Filter>
    </ClCompile>
    <ClCompile Include="Texture.cpp">
      <Filter>Render3D\Source Files</Filter>
    </ClCompile>
  </ItemGroup>
  <ItemGroup>
    <ClInclude Include="ImGui\imconfig.h">
      <Filter>External Libs</Filter>
    </ClInclude>
    <ClInclude Include="ImGui\imgui.h">
      <Filter>External Libs</Filter>
    </ClInclude>
    <ClInclude Include="ImGui\imgui_impl_glfw.h">
      <Filter>External Libs</Filter>
    </ClInclude>
    <ClInclude Include="ImGui\imgui_impl_opengl3.h">
      <Filter>External Libs</Filter>
    </ClInclude>
    <ClInclude Include="ImGui\imgui_impl_opengl3_loader.h">
      <Filter>External Libs</Filter>
    </ClInclude>
    <ClInclude Include="ImGui\imgui_internal.h">
      <Filter>External Libs</Filter>
    </ClInclude>
    <ClInclude Include="ImGui\imstb_rectpack.h">
      <Filter>External Libs</Filter>
    </ClInclude>
    <ClInclude Include="ImGui\imstb_textedit.h">
      <Filter>External Libs</Filter>
    </ClInclude>
    <ClInclude Include="ImGui\imstb_truetype.h">
      <Filter>External Libs</Filter>
    </ClInclude>
    <ClInclude Include="Quat.h">
      <Filter>Render3D\Header Files</Filter>
    </ClInclude>
    <ClInclude Include="Vec3.h">
      <Filter>Render3D\Header Files</Filter>
    </ClInclude>
    <ClInclude Include="Window.h">
      <Filter>Render3D\Header Files</Filter>
    </ClInclude>
    <ClInclude Include="Mat4.h">
      <Filter>Render3D\Header Files</Filter>
    </ClInclude>
    <ClInclude Include="Camera.h">
      <Filter>Render3D\Header Files</Filter>
    </ClInclude>
    <ClInclude Include="Coremath.h">
      <Filter>Render3D\Header Files</Filter>
    </ClInclude>
    <ClInclude Include="Vec2.h">
      <Filter>Render3D\Header Files</Filter>
    </ClInclude>
    <ClInclude Include="Color.h">
      <Filter>Render3D\Header Files</Filter>
    </ClInclude>
    <ClInclude Include="glEvent.h">
      <Filter>Render3D\Header Files</Filter>
    </ClInclude>
    <ClInclude Include="Mesh.h">
      <Filter>Render3D\Header Files</Filter>
    </ClInclude>
    <ClInclude Include="Corelib.h">
      <Filter>Render3D\Header Files</Filter>
    </ClInclude>
    <ClInclude Include="Rendermath.h">
      <Filter>Render3D\Header Files</Filter>
    </ClInclude>
    <ClInclude Include="Mouse.h">
      <Filter>Render3D\Header Files</Filter>
    </ClInclude>
    <ClInclude Include="Keyboard.h">
      <Filter>Render3D\Header Files</Filter>
    </ClInclude>
    <ClInclude Include="Violet3D.h">
      <Filter>Render3D\Header Files</Filter>
    </ClInclude>
    <ClInclude Include="Shapes.h">
      <Filter>Render3D\Header Files</Filter>
    </ClInclude>
    <ClInclude Include="Texture.h">
      <Filter>Render3D\Header Files</Filter>
    </ClInclude>
    <ClInclude Include="stb_image.h">
      <Filter>External Libs</Filter>
    </ClInclude>
    <ClInclude Include="Material.h">
      <Filter>Render3D\Header Files</Filter>
    </ClInclude>
    <ClInclude Include="Vertex.h">
      <Filter>Render3D\Header Files</Filter>
    </ClInclude>
    <ClInclude Include="Transform.h">
      <Filter>Render3D\Header Files</Filter>
    </ClInclude>
  </ItemGroup>
  <ItemGroup>
    <None Include="default.vert">
      <Filter>Render3D\Shaders</Filter>
    </None>
    <None Include="default.frag">
      <Filter>Render3D\Shaders</Filter>
    </None>
  </ItemGroup>
  <ItemGroup>
    <Text Include="todo.txt">
      <Filter>Render3D\Miscellaneous</Filter>
    </Text>
  </ItemGroup>
  <ItemGroup>
    <Image Include="test_image.png">
      <Filter>Render3D\Miscellaneous</Filter>
    </Image>
  </ItemGroup>
</Project>