<?xml version="1.0" encoding="utf-8"?>
<Project ToolsVersion="4.0" xmlns="http://schemas.microsoft.com/developer/msbuild/2003">
  <ItemGroup>
    <Filter Include="Render3D">
      <UniqueIdentifier>{c6799110-b6e6-47f0-9ece-64f2789ebca5}</UniqueIdentifier>
    </Filter>
    <Filter Include="Render3D\Shaders">
      <UniqueIdentifier>{1f78c8c2-bd11-4fe3-a4ac-f22616396c0c}</UniqueIdentifier>
    </Filter>
    <Filter Include="Render3D\Header Files">
      <UniqueIdentifier>{ef073757-e763-41ba-a7ac-7fb79797ca9e}</UniqueIdentifier>
    </Filter>
    <Filter Include="Render3D\Source Files">
      <UniqueIdentifier>{bd3632e3-ff54-4eae-a2c7-d0608094c633}</UniqueIdentifier>
    </Filter>
    <Filter Include="Render3D\Miscellaneous">
      <UniqueIdentifier>{3b3f4341-3195-452e-9c94-d208574526d2}</UniqueIdentifier>
    </Filter>
    <Filter Include="Libraries">
      <UniqueIdentifier>{fc6654a2-6f92-4776-9fdf-af5ff1095219}</UniqueIdentifier>
    </Filter>
    <Filter Include="Space">
      <UniqueIdentifier>{d8f59b83-0bb7-4ce2-975c-46bbc6a36ec5}</UniqueIdentifier>
    </Filter>
  </ItemGroup>
  <ItemGroup>
    <ClCompile Include="OpenGL\glad.c">
      <Filter>Libraries</Filter>
    </ClCompile>
    <ClCompile Include="ImGui\imgui.cpp">
      <Filter>Libraries</Filter>
    </ClCompile>
    <ClCompile Include="ImGui\imgui_demo.cpp">
      <Filter>Libraries</Filter>
    </ClCompile>
    <ClCompile Include="ImGui\imgui_draw.cpp">
      <Filter>Libraries</Filter>
    </ClCompile>
    <ClCompile Include="ImGui\imgui_impl_glfw.cpp">
      <Filter>Libraries</Filter>
    </ClCompile>
    <ClCompile Include="ImGui\imgui_impl_opengl3.cpp">
      <Filter>Libraries</Filter>
    </ClCompile>
    <ClCompile Include="ImGui\imgui_tables.cpp">
      <Filter>Libraries</Filter>
    </ClCompile>
    <ClCompile Include="ImGui\imgui_widgets.cpp">
      <Filter>Libraries</Filter>
    </ClCompile>
    <ClCompile Include="Types.Vec2d.cpp">
      <Filter>Render3D\Source Files</Filter>
    </ClCompile>
    <ClCompile Include="Types.Vec2f.cpp">
      <Filter>Render3D\Source Files</Filter>
    </ClCompile>
    <ClCompile Include="Types.Vec2i.cpp">
      <Filter>Render3D\Source Files</Filter>
    </ClCompile>
    <ClCompile Include="Types.Vec3d.cpp">
      <Filter>Render3D\Source Files</Filter>
    </ClCompile>
    <ClCompile Include="Types.Vec3f.cpp">
      <Filter>Render3D\Source Files</Filter>
    </ClCompile>
    <ClCompile Include="Types.Vec3i.cpp">
      <Filter>Render3D\Source Files</Filter>
    </ClCompile>
    <ClCompile Include="Mesh.Material.cpp">
      <Filter>Render3D\Source Files</Filter>
    </ClCompile>
    <ClCompile Include="Types.Color.cpp">
      <Filter>Render3D\Source Files</Filter>
    </ClCompile>
    <ClCompile Include="Mesh.Camera.cpp">
      <Filter>Render3D\Source Files</Filter>
    </ClCompile>
    <ClCompile Include="Types.Quat.cpp">
      <Filter>Render3D\Source Files</Filter>
    </ClCompile>
    <ClCompile Include="Types.Mat4.cpp">
      <Filter>Render3D\Source Files</Filter>
    </ClCompile>
    <ClCompile Include="Window.Keyboard.cpp">
      <Filter>Render3D\Source Files</Filter>
    </ClCompile>
    <ClCompile Include="Window.Mouse.cpp">
      <Filter>Render3D\Source Files</Filter>
    </ClCompile>
    <ClCompile Include="Window.cpp">
      <Filter>Render3D\Source Files</Filter>
    </ClCompile>
    <ClCompile Include="Shapes.cpp">
      <Filter>Render3D\Source Files</Filter>
    </ClCompile>
    <ClCompile Include="Mesh.Texture.cpp">
      <Filter>Render3D\Source Files</Filter>
    </ClCompile>
    <ClCompile Include="Types.Mat4f.cpp">
      <Filter>Render3D\Source Files</Filter>
    </ClCompile>
    <ClCompile Include="Mesh.Transform.cpp">
      <Filter>Render3D\Source Files</Filter>
    </ClCompile>
    <ClCompile Include="Log.cpp">
      <Filter>Render3D\Source Files</Filter>
    </ClCompile>
    <ClCompile Include="Mesh.cpp">
      <Filter>Render3D\Source Files</Filter>
    </ClCompile>
    <ClCompile Include="Mesh.Vertex.cpp">
      <Filter>Render3D\Source Files</Filter>
    </ClCompile>
    <ClCompile Include="main.cpp">
      <Filter>Space</Filter>
    </ClCompile>
  </ItemGroup>
  <ItemGroup>
    <ClInclude Include="ImGui\imconfig.h">
      <Filter>Libraries</Filter>
    </ClInclude>
    <ClInclude Include="ImGui\imgui.h">
      <Filter>Libraries</Filter>
    </ClInclude>
    <ClInclude Include="ImGui\imgui_impl_glfw.h">
      <Filter>Libraries</Filter>
    </ClInclude>
    <ClInclude Include="ImGui\imgui_impl_opengl3.h">
      <Filter>Libraries</Filter>
    </ClInclude>
    <ClInclude Include="ImGui\imgui_impl_opengl3_loader.h">
      <Filter>Libraries</Filter>
    </ClInclude>
    <ClInclude Include="ImGui\imgui_internal.h">
      <Filter>Libraries</Filter>
    </ClInclude>
    <ClInclude Include="ImGui\imstb_rectpack.h">
      <Filter>Libraries</Filter>
    </ClInclude>
    <ClInclude Include="ImGui\imstb_textedit.h">
      <Filter>Libraries</Filter>
    </ClInclude>
    <ClInclude Include="ImGui\imstb_truetype.h">
      <Filter>Libraries</Filter>
    </ClInclude>
    <ClInclude Include="Window.h">
      <Filter>Render3D\Header Files</Filter>
    </ClInclude>
    <ClInclude Include="Mesh.h">
      <Filter>Render3D\Header Files</Filter>
    </ClInclude>
    <ClInclude Include="Types.h">
      <Filter>Render3D\Header Files</Filter>
    </ClInclude>
    <ClInclude Include="Shapes.h">
      <Filter>Render3D\Header Files</Filter>
    </ClInclude>
    <ClInclude Include="stb_image.h">
      <Filter>Libraries</Filter>
    </ClInclude>
    <ClInclude Include="Log.h">
      <Filter>Render3D\Header Files</Filter>
    </ClInclude>
    <ClInclude Include="Demo.h">
      <Filter>Render3D\Header Files</Filter>
    </ClInclude>
    <ClInclude Include="Map.h">
      <Filter>Space</Filter>
    </ClInclude>
  </ItemGroup>
  <ItemGroup>
    <None Include="default.vert">
      <Filter>Render3D\Shaders</Filter>
    </None>
    <None Include="default.frag">
      <Filter>Render3D\Shaders</Filter>
    </None>
  </ItemGroup>
  <ItemGroup>
    <Text Include="todo.txt">
      <Filter>Render3D\Miscellaneous</Filter>
    </Text>
    <Text Include="JPL\planets_orbital.txt">
      <Filter>Space</Filter>
    </Text>
  </ItemGroup>
  <ItemGroup>
    <Image Include="test_image.png">
      <Filter>Render3D\Miscellaneous</Filter>
    </Image>
    <Image Include="simple_earth.png">
      <Filter>Render3D\Miscellaneous</Filter>
    </Image>
    <Image Include="checkers.png">
      <Filter>Render3D\Miscellaneous</Filter>
    </Image>
    <Image Include="checkers_wide.png">
      <Filter>Render3D\Miscellaneous</Filter>
    </Image>
  </ItemGroup>
</Project>