<?xml version="1.0" encoding="utf-8"?>
<Project ToolsVersion="4.0" xmlns="http://schemas.microsoft.com/developer/msbuild/2003">
  <ItemGroup>
    <Filter Include="OpenGL">
      <UniqueIdentifier>{fc6654a2-6f92-4776-9fdf-af5ff1095219}</UniqueIdentifier>
    </Filter>
    <Filter Include="Render3D">
      <UniqueIdentifier>{c6799110-b6e6-47f0-9ece-64f2789ebca5}</UniqueIdentifier>
    </Filter>
    <Filter Include="Render3D\Shaders">
      <UniqueIdentifier>{1f78c8c2-bd11-4fe3-a4ac-f22616396c0c}</UniqueIdentifier>
    </Filter>
    <Filter Include="Render3D\Header Files">
      <UniqueIdentifier>{ef073757-e763-41ba-a7ac-7fb79797ca9e}</UniqueIdentifier>
    </Filter>
    <Filter Include="Render3D\Source Files">
      <UniqueIdentifier>{bd3632e3-ff54-4eae-a2c7-d0608094c633}</UniqueIdentifier>
    </Filter>
  </ItemGroup>
  <ItemGroup>
    <ClCompile Include="OpenGL\glad.c">
      <Filter>OpenGL</Filter>
    </ClCompile>
    <ClCompile Include="ImGui\imgui.cpp">
      <Filter>OpenGL</Filter>
    </ClCompile>
    <ClCompile Include="ImGui\imgui_demo.cpp">
      <Filter>OpenGL</Filter>
    </ClCompile>
    <ClCompile Include="ImGui\imgui_draw.cpp">
      <Filter>OpenGL</Filter>
    </ClCompile>
    <ClCompile Include="ImGui\imgui_impl_glfw.cpp">
      <Filter>OpenGL</Filter>
    </ClCompile>
    <ClCompile Include="ImGui\imgui_impl_opengl3.cpp">
      <Filter>OpenGL</Filter>
    </ClCompile>
    <ClCompile Include="ImGui\imgui_tables.cpp">
      <Filter>OpenGL</Filter>
    </ClCompile>
    <ClCompile Include="ImGui\imgui_widgets.cpp">
      <Filter>OpenGL</Filter>
    </ClCompile>
    <ClCompile Include="main.cpp">
      <Filter>Render3D</Filter>
    </ClCompile>
    <ClCompile Include="Vector.Vec2d.cpp">
      <Filter>Render3D\Source Files</Filter>
    </ClCompile>
    <ClCompile Include="Vector.Vec2f.cpp">
      <Filter>Render3D\Source Files</Filter>
    </ClCompile>
    <ClCompile Include="Vector.Vec2i.cpp">
      <Filter>Render3D\Source Files</Filter>
    </ClCompile>
    <ClCompile Include="Vector.Vec3d.cpp">
      <Filter>Render3D\Source Files</Filter>
    </ClCompile>
    <ClCompile Include="Vector.Vec3f.cpp">
      <Filter>Render3D\Source Files</Filter>
    </ClCompile>
    <ClCompile Include="Vector.Vec3i.cpp">
      <Filter>Render3D\Source Files</Filter>
    </ClCompile>
    <ClCompile Include="Mesh.Mesh.cpp">
      <Filter>Render3D\Source Files</Filter>
    </ClCompile>
    <ClCompile Include="Mesh.Color.cpp">
      <Filter>Render3D\Source Files</Filter>
    </ClCompile>
    <ClCompile Include="Camera.cpp">
      <Filter>Render3D\Source Files</Filter>
    </ClCompile>
    <ClCompile Include="Quaternion.cpp">
      <Filter>Render3D\Source Files</Filter>
    </ClCompile>
    <ClCompile Include="Matrix.Matrix_f.cpp">
      <Filter>Render3D\Source Files</Filter>
    </ClCompile>
    <ClCompile Include="Matrix.Matrix.cpp">
      <Filter>Render3D\Source Files</Filter>
    </ClCompile>
    <ClCompile Include="Window.Keyboard.cpp">
      <Filter>Render3D\Source Files</Filter>
    </ClCompile>
    <ClCompile Include="Window.Mouse.cpp">
      <Filter>Render3D\Source Files</Filter>
    </ClCompile>
    <ClCompile Include="Window.Private.cpp">
      <Filter>Render3D\Source Files</Filter>
    </ClCompile>
    <ClCompile Include="Window.Public.cpp">
      <Filter>Render3D\Source Files</Filter>
    </ClCompile>
    <ClCompile Include="Window.Special.cpp">
      <Filter>Render3D\Source Files</Filter>
    </ClCompile>
  </ItemGroup>
  <ItemGroup>
    <ClInclude Include="ImGui\imconfig.h">
      <Filter>OpenGL</Filter>
    </ClInclude>
    <ClInclude Include="ImGui\imgui.h">
      <Filter>OpenGL</Filter>
    </ClInclude>
    <ClInclude Include="ImGui\imgui_impl_glfw.h">
      <Filter>OpenGL</Filter>
    </ClInclude>
    <ClInclude Include="ImGui\imgui_impl_opengl3.h">
      <Filter>OpenGL</Filter>
    </ClInclude>
    <ClInclude Include="ImGui\imgui_impl_opengl3_loader.h">
      <Filter>OpenGL</Filter>
    </ClInclude>
    <ClInclude Include="ImGui\imgui_internal.h">
      <Filter>OpenGL</Filter>
    </ClInclude>
    <ClInclude Include="ImGui\imstb_rectpack.h">
      <Filter>OpenGL</Filter>
    </ClInclude>
    <ClInclude Include="ImGui\imstb_textedit.h">
      <Filter>OpenGL</Filter>
    </ClInclude>
    <ClInclude Include="ImGui\imstb_truetype.h">
      <Filter>OpenGL</Filter>
    </ClInclude>
    <ClInclude Include="Mesh.h">
      <Filter>Render3D\Header Files</Filter>
    </ClInclude>
    <ClInclude Include="Quaternion.h">
      <Filter>Render3D\Header Files</Filter>
    </ClInclude>
    <ClInclude Include="Vector.h">
      <Filter>Render3D\Header Files</Filter>
    </ClInclude>
    <ClInclude Include="Shape.h">
      <Filter>Render3D\Header Files</Filter>
    </ClInclude>
    <ClInclude Include="Window.h">
      <Filter>Render3D\Header Files</Filter>
    </ClInclude>
    <ClInclude Include="Matrix.h">
      <Filter>Render3D\Header Files</Filter>
    </ClInclude>
    <ClInclude Include="Camera.h">
      <Filter>Render3D\Header Files</Filter>
    </ClInclude>
    <ClInclude Include="Violet.h">
      <Filter>Render3D\Header Files</Filter>
    </ClInclude>
    <ClInclude Include="Math.h">
      <Filter>Render3D\Header Files</Filter>
    </ClInclude>
  </ItemGroup>
  <ItemGroup>
    <None Include="default.vert">
      <Filter>Render3D\Shaders</Filter>
    </None>
    <None Include="default.frag">
      <Filter>Render3D\Shaders</Filter>
    </None>
  </ItemGroup>
</Project>